
Microsoft Visual Studio Solution File, Format Version 12.00
# Visual Studio 14
VisualStudioVersion = 14.0.22823.1
MinimumVisualStudioVersion = 10.0.40219.1
Project("{E24C65DC-7377-472B-9ABA-BC803B73C61A}") = "html_boilerplate", ".", "{54D00E27-3BE3-4AAC-B61D-475A794F84C9}"
	ProjectSection(WebsiteProperties) = preProject
		TargetFrameworkMoniker = ".NETFramework,Version%3Dv4.5"
		Debug.AspNetCompiler.VirtualPath = "/localhost_65465"
		Debug.AspNetCompiler.PhysicalPath = "..\html_boilerplate\"
		Debug.AspNetCompiler.TargetPath = "PrecompiledWeb\localhost_65465\"
		Debug.AspNetCompiler.Updateable = "true"
		Debug.AspNetCompiler.ForceOverwrite = "true"
		Debug.AspNetCompiler.FixedNames = "false"
		Debug.AspNetCompiler.Debug = "True"
		Release.AspNetCompiler.VirtualPath = "/localhost_65465"
		Release.AspNetCompiler.PhysicalPath = "..\html_boilerplate\"
		Release.AspNetCompiler.TargetPath = "PrecompiledWeb\localhost_65465\"
		Release.AspNetCompiler.Updateable = "true"
		Release.AspNetCompiler.ForceOverwrite = "true"
		Release.AspNetCompiler.FixedNames = "false"
		Release.AspNetCompiler.Debug = "False"
		VWDPort = "65465"
		SlnRelativePath = "..\html_boilerplate\"
	EndProjectSection
EndProject
Global
	GlobalSection(SolutionConfigurationPlatforms) = preSolution
		Debug|Any CPU = Debug|Any CPU
	EndGlobalSection
	GlobalSection(ProjectConfigurationPlatforms) = postSolution
		{54D00E27-3BE3-4AAC-B61D-475A794F84C9}.Debug|Any CPU.ActiveCfg = Debug|Any CPU
		{54D00E27-3BE3-4AAC-B61D-475A794F84C9}.Debug|Any CPU.Build.0 = Debug|Any CPU
	EndGlobalSection
	GlobalSection(SolutionProperties) = preSolution
		HideSolutionNode = FALSE
	EndGlobalSection
EndGlobal
